
Microsoft Visual Studio Solution File, Format Version 12.00
Project("{FAE04EC0-301F-11D3-BF4B-00C04F79EFBC}") = "LevelUp.StateMachine", "LevelUp.StateMachine\LevelUp.StateMachine.csproj", "{C5F2416F-4F70-4B0C-8BA4-D529A7E12C6D}"
EndProject
Project("{FAE04EC0-301F-11D3-BF4B-00C04F79EFBC}") = "LevelUp.StateMachine.Tests", "LevelUp.StateMachine.Tests\LevelUp.StateMachine.Tests.csproj", "{CE124EE6-75C5-4D10-AE93-30AA41CC01F4}"
EndProject
Global
	GlobalSection(SolutionConfigurationPlatforms) = preSolution
		Debug|Any CPU = Debug|Any CPU
		Release|Any CPU = Release|Any CPU
	EndGlobalSection
	GlobalSection(ProjectConfigurationPlatforms) = postSolution
		{C5F2416F-4F70-4B0C-8BA4-D529A7E12C6D}.Debug|Any CPU.ActiveCfg = Debug|Any CPU
		{C5F2416F-4F70-4B0C-8BA4-D529A7E12C6D}.Debug|Any CPU.Build.0 = Debug|Any CPU
		{C5F2416F-4F70-4B0C-8BA4-D529A7E12C6D}.Release|Any CPU.ActiveCfg = Release|Any CPU
		{C5F2416F-4F70-4B0C-8BA4-D529A7E12C6D}.Release|Any CPU.Build.0 = Release|Any CPU
		{CE124EE6-75C5-4D10-AE93-30AA41CC01F4}.Debug|Any CPU.ActiveCfg = Debug|Any CPU
		{CE124EE6-75C5-4D10-AE93-30AA41CC01F4}.Debug|Any CPU.Build.0 = Debug|Any CPU
		{CE124EE6-75C5-4D10-AE93-30AA41CC01F4}.Release|Any CPU.ActiveCfg = Release|Any CPU
		{CE124EE6-75C5-4D10-AE93-30AA41CC01F4}.Release|Any CPU.Build.0 = Release|Any CPU
	EndGlobalSection
EndGlobal
